
Microsoft Visual Studio Solution File, Format Version 12.00
# Visual Studio Version 17
VisualStudioVersion = 17.8.34511.84
MinimumVisualStudioVersion = 10.0.40219.1
Project("{FAE04EC0-301F-11D3-BF4B-00C04F79EFBC}") = "ValoRank", "ValoRank\ValoRank.csproj", "{840AAC7C-788E-4137-AA03-67B915E024DA}"
EndProject
Global
	GlobalSection(SolutionConfigurationPlatforms) = preSolution
		Debug|Any CPU = Debug|Any CPU
		Release|Any CPU = Release|Any CPU
	EndGlobalSection
	GlobalSection(ProjectConfigurationPlatforms) = postSolution
		{840AAC7C-788E-4137-AA03-67B915E024DA}.Debug|Any CPU.ActiveCfg = Debug|Any CPU
		{840AAC7C-788E-4137-AA03-67B915E024DA}.Debug|Any CPU.Build.0 = Debug|Any CPU
		{840AAC7C-788E-4137-AA03-67B915E024DA}.Release|Any CPU.ActiveCfg = Release|Any CPU
		{840AAC7C-788E-4137-AA03-67B915E024DA}.Release|Any CPU.Build.0 = Release|Any CPU
	EndGlobalSection
	GlobalSection(SolutionProperties) = preSolution
		HideSolutionNode = FALSE
	EndGlobalSection
	GlobalSection(ExtensibilityGlobals) = postSolution
		SolutionGuid = {05FB5BAA-714E-435F-B014-E5397184E973}
	EndGlobalSection
EndGlobal
